
Microsoft Visual Studio Solution File, Format Version 12.00
# Visual Studio Version 16
VisualStudioVersion = 16.0.31005.135
MinimumVisualStudioVersion = 10.0.40219.1
Project("{9A19103F-16F7-4668-BE54-9A1E7A4F7556}") = "DiscoverGists", "DiscoverGists\DiscoverGists\DiscoverGists.csproj", "{9909A518-F26D-40A0-A2E6-4B13DA70CEC6}"
EndProject
Project("{FAE04EC0-301F-11D3-BF4B-00C04F79EFBC}") = "DiscoverGists.Android", "DiscoverGists\DiscoverGists.Android\DiscoverGists.Android.csproj", "{8015BDA2-D551-41E0-B446-DDFB26C93439}"
EndProject
Project("{FAE04EC0-301F-11D3-BF4B-00C04F79EFBC}") = "DiscoverGists.iOS", "DiscoverGists\DiscoverGists.iOS\DiscoverGists.iOS.csproj", "{377A67BB-5A03-42F8-9167-F1C6778B4FE9}"
EndProject
Project("{FAE04EC0-301F-11D3-BF4B-00C04F79EFBC}") = "DiscoverGists.UWP", "DiscoverGists\DiscoverGists.UWP\DiscoverGists.UWP.csproj", "{469A81CC-FE98-49B4-80C3-355A8DAA69DF}"
EndProject
Global
	GlobalSection(SolutionConfigurationPlatforms) = preSolution
		Ad-Hoc|Any CPU = Ad-Hoc|Any CPU
		Ad-Hoc|ARM = Ad-Hoc|ARM
		Ad-Hoc|iPhone = Ad-Hoc|iPhone
		Ad-Hoc|iPhoneSimulator = Ad-Hoc|iPhoneSimulator
		Ad-Hoc|x64 = Ad-Hoc|x64
		Ad-Hoc|x86 = Ad-Hoc|x86
		AppStore|Any CPU = AppStore|Any CPU
		AppStore|ARM = AppStore|ARM
		AppStore|iPhone = AppStore|iPhone
		AppStore|iPhoneSimulator = AppStore|iPhoneSimulator
		AppStore|x64 = AppStore|x64
		AppStore|x86 = AppStore|x86
		Debug|Any CPU = Debug|Any CPU
		Debug|ARM = Debug|ARM
		Debug|iPhone = Debug|iPhone
		Debug|iPhoneSimulator = Debug|iPhoneSimulator
		Debug|x64 = Debug|x64
		Debug|x86 = Debug|x86
		Release|Any CPU = Release|Any CPU
		Release|ARM = Release|ARM
		Release|iPhone = Release|iPhone
		Release|iPhoneSimulator = Release|iPhoneSimulator
		Release|x64 = Release|x64
		Release|x86 = Release|x86
	EndGlobalSection
	GlobalSection(ProjectConfigurationPlatforms) = postSolution
		{9909A518-F26D-40A0-A2E6-4B13DA70CEC6}.Ad-Hoc|Any CPU.ActiveCfg = Debug|Any CPU
		{9909A518-F26D-40A0-A2E6-4B13DA70CEC6}.Ad-Hoc|Any CPU.Build.0 = Debug|Any CPU
		{9909A518-F26D-40A0-A2E6-4B13DA70CEC6}.Ad-Hoc|ARM.ActiveCfg = Debug|Any CPU
		{9909A518-F26D-40A0-A2E6-4B13DA70CEC6}.Ad-Hoc|ARM.Build.0 = Debug|Any CPU
		{9909A518-F26D-40A0-A2E6-4B13DA70CEC6}.Ad-Hoc|iPhone.ActiveCfg = Debug|Any CPU
		{9909A518-F26D-40A0-A2E6-4B13DA70CEC6}.Ad-Hoc|iPhone.Build.0 = Debug|Any CPU
		{9909A518-F26D-40A0-A2E6-4B13DA70CEC6}.Ad-Hoc|iPhoneSimulator.ActiveCfg = Debug|Any CPU
		{9909A518-F26D-40A0-A2E6-4B13DA70CEC6}.Ad-Hoc|iPhoneSimulator.Build.0 = Debug|Any CPU
		{9909A518-F26D-40A0-A2E6-4B13DA70CEC6}.Ad-Hoc|x64.ActiveCfg = Debug|Any CPU
		{9909A518-F26D-40A0-A2E6-4B13DA70CEC6}.Ad-Hoc|x64.Build.0 = Debug|Any CPU
		{9909A518-F26D-40A0-A2E6-4B13DA70CEC6}.Ad-Hoc|x86.ActiveCfg = Debug|Any CPU
		{9909A518-F26D-40A0-A2E6-4B13DA70CEC6}.Ad-Hoc|x86.Build.0 = Debug|Any CPU
		{9909A518-F26D-40A0-A2E6-4B13DA70CEC6}.AppStore|Any CPU.ActiveCfg = Debug|Any CPU
		{9909A518-F26D-40A0-A2E6-4B13DA70CEC6}.AppStore|Any CPU.Build.0 = Debug|Any CPU
		{9909A518-F26D-40A0-A2E6-4B13DA70CEC6}.AppStore|ARM.ActiveCfg = Debug|Any CPU
		{9909A518-F26D-40A0-A2E6-4B13DA70CEC6}.AppStore|ARM.Build.0 = Debug|Any CPU
		{9909A518-F26D-40A0-A2E6-4B13DA70CEC6}.AppStore|iPhone.ActiveCfg = Debug|Any CPU
		{9909A518-F26D-40A0-A2E6-4B13DA70CEC6}.AppStore|iPhone.Build.0 = Debug|Any CPU
		{9909A518-F26D-40A0-A2E6-4B13DA70CEC6}.AppStore|iPhoneSimulator.ActiveCfg = Debug|Any CPU
		{9909A518-F26D-40A0-A2E6-4B13DA70CEC6}.AppStore|iPhoneSimulator.Build.0 = Debug|Any CPU
		{9909A518-F26D-40A0-A2E6-4B13DA70CEC6}.AppStore|x64.ActiveCfg = Debug|Any CPU
		{9909A518-F26D-40A0-A2E6-4B13DA70CEC6}.AppStore|x64.Build.0 = Debug|Any CPU
		{9909A518-F26D-40A0-A2E6-4B13DA70CEC6}.AppStore|x86.ActiveCfg = Debug|Any CPU
		{9909A518-F26D-40A0-A2E6-4B13DA70CEC6}.AppStore|x86.Build.0 = Debug|Any CPU
		{9909A518-F26D-40A0-A2E6-4B13DA70CEC6}.Debug|Any CPU.ActiveCfg = Debug|Any CPU
		{9909A518-F26D-40A0-A2E6-4B13DA70CEC6}.Debug|Any CPU.Build.0 = Debug|Any CPU
		{9909A518-F26D-40A0-A2E6-4B13DA70CEC6}.Debug|ARM.ActiveCfg = Debug|Any CPU
		{9909A518-F26D-40A0-A2E6-4B13DA70CEC6}.Debug|ARM.Build.0 = Debug|Any CPU
		{9909A518-F26D-40A0-A2E6-4B13DA70CEC6}.Debug|iPhone.ActiveCfg = Debug|Any CPU
		{9909A518-F26D-40A0-A2E6-4B13DA70CEC6}.Debug|iPhone.Build.0 = Debug|Any CPU
		{9909A518-F26D-40A0-A2E6-4B13DA70CEC6}.Debug|iPhoneSimulator.ActiveCfg = Debug|Any CPU
		{9909A518-F26D-40A0-A2E6-4B13DA70CEC6}.Debug|iPhoneSimulator.Build.0 = Debug|Any CPU
		{9909A518-F26D-40A0-A2E6-4B13DA70CEC6}.Debug|x64.ActiveCfg = Debug|Any CPU
		{9909A518-F26D-40A0-A2E6-4B13DA70CEC6}.Debug|x64.Build.0 = Debug|Any CPU
		{9909A518-F26D-40A0-A2E6-4B13DA70CEC6}.Debug|x86.ActiveCfg = Debug|Any CPU
		{9909A518-F26D-40A0-A2E6-4B13DA70CEC6}.Debug|x86.Build.0 = Debug|Any CPU
		{9909A518-F26D-40A0-A2E6-4B13DA70CEC6}.Release|Any CPU.ActiveCfg = Release|Any CPU
		{9909A518-F26D-40A0-A2E6-4B13DA70CEC6}.Release|Any CPU.Build.0 = Release|Any CPU
		{9909A518-F26D-40A0-A2E6-4B13DA70CEC6}.Release|ARM.ActiveCfg = Release|Any CPU
		{9909A518-F26D-40A0-A2E6-4B13DA70CEC6}.Release|ARM.Build.0 = Release|Any CPU
		{9909A518-F26D-40A0-A2E6-4B13DA70CEC6}.Release|iPhone.ActiveCfg = Release|Any CPU
		{9909A518-F26D-40A0-A2E6-4B13DA70CEC6}.Release|iPhone.Build.0 = Release|Any CPU
		{9909A518-F26D-40A0-A2E6-4B13DA70CEC6}.Release|iPhoneSimulator.ActiveCfg = Release|Any CPU
		{9909A518-F26D-40A0-A2E6-4B13DA70CEC6}.Release|iPhoneSimulator.Build.0 = Release|Any CPU
		{9909A518-F26D-40A0-A2E6-4B13DA70CEC6}.Release|x64.ActiveCfg = Release|Any CPU
		{9909A518-F26D-40A0-A2E6-4B13DA70CEC6}.Release|x64.Build.0 = Release|Any CPU
		{9909A518-F26D-40A0-A2E6-4B13DA70CEC6}.Release|x86.ActiveCfg = Release|Any CPU
		{9909A518-F26D-40A0-A2E6-4B13DA70CEC6}.Release|x86.Build.0 = Release|Any CPU
		{8015BDA2-D551-41E0-B446-DDFB26C93439}.Ad-Hoc|Any CPU.ActiveCfg = Debug|Any CPU
		{8015BDA2-D551-41E0-B446-DDFB26C93439}.Ad-Hoc|Any CPU.Build.0 = Debug|Any CPU
		{8015BDA2-D551-41E0-B446-DDFB26C93439}.Ad-Hoc|Any CPU.Deploy.0 = Debug|Any CPU
		{8015BDA2-D551-41E0-B446-DDFB26C93439}.Ad-Hoc|ARM.ActiveCfg = Debug|Any CPU
		{8015BDA2-D551-41E0-B446-DDFB26C93439}.Ad-Hoc|ARM.Build.0 = Debug|Any CPU
		{8015BDA2-D551-41E0-B446-DDFB26C93439}.Ad-Hoc|ARM.Deploy.0 = Debug|Any CPU
		{8015BDA2-D551-41E0-B446-DDFB26C93439}.Ad-Hoc|iPhone.ActiveCfg = Debug|Any CPU
		{8015BDA2-D551-41E0-B446-DDFB26C93439}.Ad-Hoc|iPhone.Build.0 = Debug|Any CPU
		{8015BDA2-D551-41E0-B446-DDFB26C93439}.Ad-Hoc|iPhone.Deploy.0 = Debug|Any CPU
		{8015BDA2-D551-41E0-B446-DDFB26C93439}.Ad-Hoc|iPhoneSimulator.ActiveCfg = Debug|Any CPU
		{8015BDA2-D551-41E0-B446-DDFB26C93439}.Ad-Hoc|iPhoneSimulator.Build.0 = Debug|Any CPU
		{8015BDA2-D551-41E0-B446-DDFB26C93439}.Ad-Hoc|iPhoneSimulator.Deploy.0 = Debug|Any CPU
		{8015BDA2-D551-41E0-B446-DDFB26C93439}.Ad-Hoc|x64.ActiveCfg = Debug|Any CPU
		{8015BDA2-D551-41E0-B446-DDFB26C93439}.Ad-Hoc|x64.Build.0 = Debug|Any CPU
		{8015BDA2-D551-41E0-B446-DDFB26C93439}.Ad-Hoc|x64.Deploy.0 = Debug|Any CPU
		{8015BDA2-D551-41E0-B446-DDFB26C93439}.Ad-Hoc|x86.ActiveCfg = Debug|Any CPU
		{8015BDA2-D551-41E0-B446-DDFB26C93439}.Ad-Hoc|x86.Build.0 = Debug|Any CPU
		{8015BDA2-D551-41E0-B446-DDFB26C93439}.Ad-Hoc|x86.Deploy.0 = Debug|Any CPU
		{8015BDA2-D551-41E0-B446-DDFB26C93439}.AppStore|Any CPU.ActiveCfg = Debug|Any CPU
		{8015BDA2-D551-41E0-B446-DDFB26C93439}.AppStore|Any CPU.Build.0 = Debug|Any CPU
		{8015BDA2-D551-41E0-B446-DDFB26C93439}.AppStore|Any CPU.Deploy.0 = Debug|Any CPU
		{8015BDA2-D551-41E0-B446-DDFB26C93439}.AppStore|ARM.ActiveCfg = Debug|Any CPU
		{8015BDA2-D551-41E0-B446-DDFB26C93439}.AppStore|ARM.Build.0 = Debug|Any CPU
		{8015BDA2-D551-41E0-B446-DDFB26C93439}.AppStore|ARM.Deploy.0 = Debug|Any CPU
		{8015BDA2-D551-41E0-B446-DDFB26C93439}.AppStore|iPhone.ActiveCfg = Debug|Any CPU
		{8015BDA2-D551-41E0-B446-DDFB26C93439}.AppStore|iPhone.Build.0 = Debug|Any CPU
		{8015BDA2-D551-41E0-B446-DDFB26C93439}.AppStore|iPhone.Deploy.0 = Debug|Any CPU
		{8015BDA2-D551-41E0-B446-DDFB26C93439}.AppStore|iPhoneSimulator.ActiveCfg = Debug|Any CPU
		{8015BDA2-D551-41E0-B446-DDFB26C93439}.AppStore|iPhoneSimulator.Build.0 = Debug|Any CPU
		{8015BDA2-D551-41E0-B446-DDFB26C93439}.AppStore|iPhoneSimulator.Deploy.0 = Debug|Any CPU
		{8015BDA2-D551-41E0-B446-DDFB26C93439}.AppStore|x64.ActiveCfg = Debug|Any CPU
		{8015BDA2-D551-41E0-B446-DDFB26C93439}.AppStore|x64.Build.0 = Debug|Any CPU
		{8015BDA2-D551-41E0-B446-DDFB26C93439}.AppStore|x64.Deploy.0 = Debug|Any CPU
		{8015BDA2-D551-41E0-B446-DDFB26C93439}.AppStore|x86.ActiveCfg = Debug|Any CPU
		{8015BDA2-D551-41E0-B446-DDFB26C93439}.AppStore|x86.Build.0 = Debug|Any CPU
		{8015BDA2-D551-41E0-B446-DDFB26C93439}.AppStore|x86.Deploy.0 = Debug|Any CPU
		{8015BDA2-D551-41E0-B446-DDFB26C93439}.Debug|Any CPU.ActiveCfg = Debug|Any CPU
		{8015BDA2-D551-41E0-B446-DDFB26C93439}.Debug|Any CPU.Build.0 = Debug|Any CPU
		{8015BDA2-D551-41E0-B446-DDFB26C93439}.Debug|Any CPU.Deploy.0 = Debug|Any CPU
		{8015BDA2-D551-41E0-B446-DDFB26C93439}.Debug|ARM.ActiveCfg = Debug|Any CPU
		{8015BDA2-D551-41E0-B446-DDFB26C93439}.Debug|ARM.Build.0 = Debug|Any CPU
		{8015BDA2-D551-41E0-B446-DDFB26C93439}.Debug|ARM.Deploy.0 = Debug|Any CPU
		{8015BDA2-D551-41E0-B446-DDFB26C93439}.Debug|iPhone.ActiveCfg = Debug|Any CPU
		{8015BDA2-D551-41E0-B446-DDFB26C93439}.Debug|iPhone.Build.0 = Debug|Any CPU
		{8015BDA2-D551-41E0-B446-DDFB26C93439}.Debug|iPhone.Deploy.0 = Debug|Any CPU
		{8015BDA2-D551-41E0-B446-DDFB26C93439}.Debug|iPhoneSimulator.ActiveCfg = Debug|Any CPU
		{8015BDA2-D551-41E0-B446-DDFB26C93439}.Debug|iPhoneSimulator.Build.0 = Debug|Any CPU
		{8015BDA2-D551-41E0-B446-DDFB26C93439}.Debug|iPhoneSimulator.Deploy.0 = Debug|Any CPU
		{8015BDA2-D551-41E0-B446-DDFB26C93439}.Debug|x64.ActiveCfg = Debug|Any CPU
		{8015BDA2-D551-41E0-B446-DDFB26C93439}.Debug|x64.Build.0 = Debug|Any CPU
		{8015BDA2-D551-41E0-B446-DDFB26C93439}.Debug|x64.Deploy.0 = Debug|Any CPU
		{8015BDA2-D551-41E0-B446-DDFB26C93439}.Debug|x86.ActiveCfg = Debug|Any CPU
		{8015BDA2-D551-41E0-B446-DDFB26C93439}.Debug|x86.Build.0 = Debug|Any CPU
		{8015BDA2-D551-41E0-B446-DDFB26C93439}.Debug|x86.Deploy.0 = Debug|Any CPU
		{8015BDA2-D551-41E0-B446-DDFB26C93439}.Release|Any CPU.ActiveCfg = Release|Any CPU
		{8015BDA2-D551-41E0-B446-DDFB26C93439}.Release|Any CPU.Build.0 = Release|Any CPU
		{8015BDA2-D551-41E0-B446-DDFB26C93439}.Release|Any CPU.Deploy.0 = Release|Any CPU
		{8015BDA2-D551-41E0-B446-DDFB26C93439}.Release|ARM.ActiveCfg = Release|Any CPU
		{8015BDA2-D551-41E0-B446-DDFB26C93439}.Release|ARM.Build.0 = Release|Any CPU
		{8015BDA2-D551-41E0-B446-DDFB26C93439}.Release|ARM.Deploy.0 = Release|Any CPU
		{8015BDA2-D551-41E0-B446-DDFB26C93439}.Release|iPhone.ActiveCfg = Release|Any CPU
		{8015BDA2-D551-41E0-B446-DDFB26C93439}.Release|iPhone.Build.0 = Release|Any CPU
		{8015BDA2-D551-41E0-B446-DDFB26C93439}.Release|iPhone.Deploy.0 = Release|Any CPU
		{8015BDA2-D551-41E0-B446-DDFB26C93439}.Release|iPhoneSimulator.ActiveCfg = Release|Any CPU
		{8015BDA2-D551-41E0-B446-DDFB26C93439}.Release|iPhoneSimulator.Build.0 = Release|Any CPU
		{8015BDA2-D551-41E0-B446-DDFB26C93439}.Release|iPhoneSimulator.Deploy.0 = Release|Any CPU
		{8015BDA2-D551-41E0-B446-DDFB26C93439}.Release|x64.ActiveCfg = Release|Any CPU
		{8015BDA2-D551-41E0-B446-DDFB26C93439}.Release|x64.Build.0 = Release|Any CPU
		{8015BDA2-D551-41E0-B446-DDFB26C93439}.Release|x64.Deploy.0 = Release|Any CPU
		{8015BDA2-D551-41E0-B446-DDFB26C93439}.Release|x86.ActiveCfg = Release|Any CPU
		{8015BDA2-D551-41E0-B446-DDFB26C93439}.Release|x86.Build.0 = Release|Any CPU
		{8015BDA2-D551-41E0-B446-DDFB26C93439}.Release|x86.Deploy.0 = Release|Any CPU
		{377A67BB-5A03-42F8-9167-F1C6778B4FE9}.Ad-Hoc|Any CPU.ActiveCfg = Ad-Hoc|iPhoneSimulator
		{377A67BB-5A03-42F8-9167-F1C6778B4FE9}.Ad-Hoc|ARM.ActiveCfg = Ad-Hoc|iPhoneSimulator
		{377A67BB-5A03-42F8-9167-F1C6778B4FE9}.Ad-Hoc|iPhone.ActiveCfg = Ad-Hoc|iPhone
		{377A67BB-5A03-42F8-9167-F1C6778B4FE9}.Ad-Hoc|iPhone.Build.0 = Ad-Hoc|iPhone
		{377A67BB-5A03-42F8-9167-F1C6778B4FE9}.Ad-Hoc|iPhoneSimulator.ActiveCfg = Ad-Hoc|iPhoneSimulator
		{377A67BB-5A03-42F8-9167-F1C6778B4FE9}.Ad-Hoc|iPhoneSimulator.Build.0 = Ad-Hoc|iPhoneSimulator
		{377A67BB-5A03-42F8-9167-F1C6778B4FE9}.Ad-Hoc|x64.ActiveCfg = Ad-Hoc|iPhoneSimulator
		{377A67BB-5A03-42F8-9167-F1C6778B4FE9}.Ad-Hoc|x86.ActiveCfg = Ad-Hoc|iPhoneSimulator
		{377A67BB-5A03-42F8-9167-F1C6778B4FE9}.AppStore|Any CPU.ActiveCfg = AppStore|iPhoneSimulator
		{377A67BB-5A03-42F8-9167-F1C6778B4FE9}.AppStore|ARM.ActiveCfg = AppStore|iPhoneSimulator
		{377A67BB-5A03-42F8-9167-F1C6778B4FE9}.AppStore|iPhone.ActiveCfg = AppStore|iPhone
		{377A67BB-5A03-42F8-9167-F1C6778B4FE9}.AppStore|iPhone.Build.0 = AppStore|iPhone
		{377A67BB-5A03-42F8-9167-F1C6778B4FE9}.AppStore|iPhoneSimulator.ActiveCfg = AppStore|iPhoneSimulator
		{377A67BB-5A03-42F8-9167-F1C6778B4FE9}.AppStore|iPhoneSimulator.Build.0 = AppStore|iPhoneSimulator
		{377A67BB-5A03-42F8-9167-F1C6778B4FE9}.AppStore|x64.ActiveCfg = AppStore|iPhoneSimulator
		{377A67BB-5A03-42F8-9167-F1C6778B4FE9}.AppStore|x86.ActiveCfg = AppStore|iPhoneSimulator
		{377A67BB-5A03-42F8-9167-F1C6778B4FE9}.Debug|Any CPU.ActiveCfg = Debug|iPhoneSimulator
		{377A67BB-5A03-42F8-9167-F1C6778B4FE9}.Debug|ARM.ActiveCfg = Debug|iPhoneSimulator
		{377A67BB-5A03-42F8-9167-F1C6778B4FE9}.Debug|iPhone.ActiveCfg = Debug|iPhone
		{377A67BB-5A03-42F8-9167-F1C6778B4FE9}.Debug|iPhone.Build.0 = Debug|iPhone
		{377A67BB-5A03-42F8-9167-F1C6778B4FE9}.Debug|iPhoneSimulator.ActiveCfg = Debug|iPhoneSimulator
		{377A67BB-5A03-42F8-9167-F1C6778B4FE9}.Debug|iPhoneSimulator.Build.0 = Debug|iPhoneSimulator
		{377A67BB-5A03-42F8-9167-F1C6778B4FE9}.Debug|x64.ActiveCfg = Debug|iPhoneSimulator
		{377A67BB-5A03-42F8-9167-F1C6778B4FE9}.Debug|x86.ActiveCfg = Debug|iPhoneSimulator
		{377A67BB-5A03-42F8-9167-F1C6778B4FE9}.Release|Any CPU.ActiveCfg = Release|iPhoneSimulator
		{377A67BB-5A03-42F8-9167-F1C6778B4FE9}.Release|Any CPU.Build.0 = Release|iPhoneSimulator
		{377A67BB-5A03-42F8-9167-F1C6778B4FE9}.Release|ARM.ActiveCfg = Release|iPhoneSimulator
		{377A67BB-5A03-42F8-9167-F1C6778B4FE9}.Release|iPhone.ActiveCfg = Release|iPhone
		{377A67BB-5A03-42F8-9167-F1C6778B4FE9}.Release|iPhone.Build.0 = Release|iPhone
		{377A67BB-5A03-42F8-9167-F1C6778B4FE9}.Release|iPhoneSimulator.ActiveCfg = Release|iPhoneSimulator
		{377A67BB-5A03-42F8-9167-F1C6778B4FE9}.Release|iPhoneSimulator.Build.0 = Release|iPhoneSimulator
		{377A67BB-5A03-42F8-9167-F1C6778B4FE9}.Release|x64.ActiveCfg = Release|iPhoneSimulator
		{377A67BB-5A03-42F8-9167-F1C6778B4FE9}.Release|x86.ActiveCfg = Release|iPhoneSimulator
		{469A81CC-FE98-49B4-80C3-355A8DAA69DF}.Ad-Hoc|Any CPU.ActiveCfg = Debug|ARM
		{469A81CC-FE98-49B4-80C3-355A8DAA69DF}.Ad-Hoc|Any CPU.Build.0 = Debug|ARM
		{469A81CC-FE98-49B4-80C3-355A8DAA69DF}.Ad-Hoc|Any CPU.Deploy.0 = Debug|ARM
		{469A81CC-FE98-49B4-80C3-355A8DAA69DF}.Ad-Hoc|ARM.ActiveCfg = Debug|ARM
		{469A81CC-FE98-49B4-80C3-355A8DAA69DF}.Ad-Hoc|ARM.Build.0 = Debug|ARM
		{469A81CC-FE98-49B4-80C3-355A8DAA69DF}.Ad-Hoc|ARM.Deploy.0 = Debug|ARM
		{469A81CC-FE98-49B4-80C3-355A8DAA69DF}.Ad-Hoc|iPhone.ActiveCfg = Debug|ARM
		{469A81CC-FE98-49B4-80C3-355A8DAA69DF}.Ad-Hoc|iPhone.Build.0 = Debug|ARM
		{469A81CC-FE98-49B4-80C3-355A8DAA69DF}.Ad-Hoc|iPhone.Deploy.0 = Debug|ARM
		{469A81CC-FE98-49B4-80C3-355A8DAA69DF}.Ad-Hoc|iPhoneSimulator.ActiveCfg = Debug|ARM
		{469A81CC-FE98-49B4-80C3-355A8DAA69DF}.Ad-Hoc|iPhoneSimulator.Build.0 = Debug|ARM
		{469A81CC-FE98-49B4-80C3-355A8DAA69DF}.Ad-Hoc|iPhoneSimulator.Deploy.0 = Debug|ARM
		{469A81CC-FE98-49B4-80C3-355A8DAA69DF}.Ad-Hoc|x64.ActiveCfg = Debug|x64
		{469A81CC-FE98-49B4-80C3-355A8DAA69DF}.Ad-Hoc|x64.Build.0 = Debug|x64
		{469A81CC-FE98-49B4-80C3-355A8DAA69DF}.Ad-Hoc|x64.Deploy.0 = Debug|x64
		{469A81CC-FE98-49B4-80C3-355A8DAA69DF}.Ad-Hoc|x86.ActiveCfg = Debug|x86
		{469A81CC-FE98-49B4-80C3-355A8DAA69DF}.Ad-Hoc|x86.Build.0 = Debug|x86
		{469A81CC-FE98-49B4-80C3-355A8DAA69DF}.Ad-Hoc|x86.Deploy.0 = Debug|x86
		{469A81CC-FE98-49B4-80C3-355A8DAA69DF}.AppStore|Any CPU.ActiveCfg = Debug|ARM
		{469A81CC-FE98-49B4-80C3-355A8DAA69DF}.AppStore|Any CPU.Build.0 = Debug|ARM
		{469A81CC-FE98-49B4-80C3-355A8DAA69DF}.AppStore|Any CPU.Deploy.0 = Debug|ARM
		{469A81CC-FE98-49B4-80C3-355A8DAA69DF}.AppStore|ARM.ActiveCfg = Debug|ARM
		{469A81CC-FE98-49B4-80C3-355A8DAA69DF}.AppStore|ARM.Build.0 = Debug|ARM
		{469A81CC-FE98-49B4-80C3-355A8DAA69DF}.AppStore|ARM.Deploy.0 = Debug|ARM
		{469A81CC-FE98-49B4-80C3-355A8DAA69DF}.AppStore|iPhone.ActiveCfg = Debug|ARM
		{469A81CC-FE98-49B4-80C3-355A8DAA69DF}.AppStore|iPhone.Build.0 = Debug|ARM
		{469A81CC-FE98-49B4-80C3-355A8DAA69DF}.AppStore|iPhone.Deploy.0 = Debug|ARM
		{469A81CC-FE98-49B4-80C3-355A8DAA69DF}.AppStore|iPhoneSimulator.ActiveCfg = Debug|ARM
		{469A81CC-FE98-49B4-80C3-355A8DAA69DF}.AppStore|iPhoneSimulator.Build.0 = Debug|ARM
		{469A81CC-FE98-49B4-80C3-355A8DAA69DF}.AppStore|iPhoneSimulator.Deploy.0 = Debug|ARM
		{469A81CC-FE98-49B4-80C3-355A8DAA69DF}.AppStore|x64.ActiveCfg = Debug|x64
		{469A81CC-FE98-49B4-80C3-355A8DAA69DF}.AppStore|x64.Build.0 = Debug|x64
		{469A81CC-FE98-49B4-80C3-355A8DAA69DF}.AppStore|x64.Deploy.0 = Debug|x64
		{469A81CC-FE98-49B4-80C3-355A8DAA69DF}.AppStore|x86.ActiveCfg = Debug|x86
		{469A81CC-FE98-49B4-80C3-355A8DAA69DF}.AppStore|x86.Build.0 = Debug|x86
		{469A81CC-FE98-49B4-80C3-355A8DAA69DF}.AppStore|x86.Deploy.0 = Debug|x86
		{469A81CC-FE98-49B4-80C3-355A8DAA69DF}.Debug|Any CPU.ActiveCfg = Debug|x86
		{469A81CC-FE98-49B4-80C3-355A8DAA69DF}.Debug|ARM.ActiveCfg = Debug|ARM
		{469A81CC-FE98-49B4-80C3-355A8DAA69DF}.Debug|ARM.Build.0 = Debug|ARM
		{469A81CC-FE98-49B4-80C3-355A8DAA69DF}.Debug|ARM.Deploy.0 = Debug|ARM
		{469A81CC-FE98-49B4-80C3-355A8DAA69DF}.Debug|iPhone.ActiveCfg = Debug|x86
		{469A81CC-FE98-49B4-80C3-355A8DAA69DF}.Debug|iPhoneSimulator.ActiveCfg = Debug|x86
		{469A81CC-FE98-49B4-80C3-355A8DAA69DF}.Debug|x64.ActiveCfg = Debug|x64
		{469A81CC-FE98-49B4-80C3-355A8DAA69DF}.Debug|x64.Build.0 = Debug|x64
		{469A81CC-FE98-49B4-80C3-355A8DAA69DF}.Debug|x64.Deploy.0 = Debug|x64
		{469A81CC-FE98-49B4-80C3-355A8DAA69DF}.Debug|x86.ActiveCfg = Debug|x86
		{469A81CC-FE98-49B4-80C3-355A8DAA69DF}.Debug|x86.Build.0 = Debug|x86
		{469A81CC-FE98-49B4-80C3-355A8DAA69DF}.Debug|x86.Deploy.0 = Debug|x86
		{469A81CC-FE98-49B4-80C3-355A8DAA69DF}.Release|Any CPU.ActiveCfg = Release|x86
		{469A81CC-FE98-49B4-80C3-355A8DAA69DF}.Release|ARM.ActiveCfg = Release|ARM
		{469A81CC-FE98-49B4-80C3-355A8DAA69DF}.Release|ARM.Build.0 = Release|ARM
		{469A81CC-FE98-49B4-80C3-355A8DAA69DF}.Release|ARM.Deploy.0 = Release|ARM
		{469A81CC-FE98-49B4-80C3-355A8DAA69DF}.Release|iPhone.ActiveCfg = Release|x86
		{469A81CC-FE98-49B4-80C3-355A8DAA69DF}.Release|iPhoneSimulator.ActiveCfg = Release|x86
		{469A81CC-FE98-49B4-80C3-355A8DAA69DF}.Release|x64.ActiveCfg = Release|x64
		{469A81CC-FE98-49B4-80C3-355A8DAA69DF}.Release|x64.Build.0 = Release|x64
		{469A81CC-FE98-49B4-80C3-355A8DAA69DF}.Release|x64.Deploy.0 = Release|x64
		{469A81CC-FE98-49B4-80C3-355A8DAA69DF}.Release|x86.ActiveCfg = Release|x86
		{469A81CC-FE98-49B4-80C3-355A8DAA69DF}.Release|x86.Build.0 = Release|x86
		{469A81CC-FE98-49B4-80C3-355A8DAA69DF}.Release|x86.Deploy.0 = Release|x86
	EndGlobalSection
	GlobalSection(SolutionProperties) = preSolution
		HideSolutionNode = FALSE
	EndGlobalSection
	GlobalSection(ExtensibilityGlobals) = postSolution
		SolutionGuid = {5406512B-1E27-4AFE-A41A-99A2712468D2}
	EndGlobalSection
EndGlobal
